
Microsoft Visual Studio Solution File, Format Version 12.00
Project("{FAE04EC0-301F-11D3-BF4B-00C04F79EFBC}") = "SqliteExeTest1", "SqliteExeTest1\SqliteExeTest1.csproj", "{06DD0487-3D08-4DE6-BDEE-12CF4D830631}"
EndProject
Global
	GlobalSection(SolutionConfigurationPlatforms) = preSolution
		Debug|Any CPU = Debug|Any CPU
		Release|Any CPU = Release|Any CPU
	EndGlobalSection
	GlobalSection(ProjectConfigurationPlatforms) = postSolution
		{06DD0487-3D08-4DE6-BDEE-12CF4D830631}.Debug|Any CPU.ActiveCfg = Debug|Any CPU
		{06DD0487-3D08-4DE6-BDEE-12CF4D830631}.Debug|Any CPU.Build.0 = Debug|Any CPU
		{06DD0487-3D08-4DE6-BDEE-12CF4D830631}.Release|Any CPU.ActiveCfg = Release|Any CPU
		{06DD0487-3D08-4DE6-BDEE-12CF4D830631}.Release|Any CPU.Build.0 = Release|Any CPU
	EndGlobalSection
EndGlobal
